<?xml version="1.0" encoding="utf-8"?>
<Project ToolsVersion="4.0" xmlns="http://schemas.microsoft.com/developer/msbuild/2003">
  <ItemGroup>
    <Filter Include="Исходные файлы">
      <UniqueIdentifier>{4FC737F1-C7A5-4376-A066-2A32D752A2FF}</UniqueIdentifier>
      <Extensions>cpp;c;cc;cxx;c++;cppm;ixx;def;odl;idl;hpj;bat;asm;asmx</Extensions>
    </Filter>
    <Filter Include="Файлы заголовков">
      <UniqueIdentifier>{93995380-89BD-4b04-88EB-625FBE52EBFB}</UniqueIdentifier>
      <Extensions>h;hh;hpp;hxx;h++;hm;inl;inc;ipp;xsd</Extensions>
    </Filter>
    <Filter Include="Файлы ресурсов">
      <UniqueIdentifier>{67DA6AB6-F800-4c08-8B7A-83BB121AAD01}</UniqueIdentifier>
      <Extensions>rc;ico;cur;bmp;dlg;rc2;rct;bin;rgs;gif;jpg;jpeg;jpe;resx;tiff;tif;png;wav;mfcribbon-ms</Extensions>
    </Filter>
    <Filter Include="fmt">
      <UniqueIdentifier>{163c410e-aae6-4a3c-8892-28b9f6f427b5}</UniqueIdentifier>
    </Filter>
  </ItemGroup>
  <ItemGroup>
    <ClInclude Include="src\logger.h">
      <Filter>Файлы заголовков</Filter>
    </ClInclude>
    <ClInclude Include="src\fmt\include\fmt\args.h">
      <Filter>fmt</Filter>
    </ClInclude>
    <ClInclude Include="src\fmt\include\fmt\chrono.h">
      <Filter>fmt</Filter>
    </ClInclude>
    <ClInclude Include="src\fmt\include\fmt\color.h">
      <Filter>fmt</Filter>
    </ClInclude>
    <ClInclude Include="src\fmt\include\fmt\compile.h">
      <Filter>fmt</Filter>
    </ClInclude>
    <ClInclude Include="src\fmt\include\fmt\core.h">
      <Filter>fmt</Filter>
    </ClInclude>
    <ClInclude Include="src\fmt\include\fmt\format.h">
      <Filter>fmt</Filter>
    </ClInclude>
    <ClInclude Include="src\fmt\include\fmt\format-inl.h">
      <Filter>fmt</Filter>
    </ClInclude>
    <ClInclude Include="src\fmt\include\fmt\locale.h">
      <Filter>fmt</Filter>
    </ClInclude>
    <ClInclude Include="src\fmt\include\fmt\os.h">
      <Filter>fmt</Filter>
    </ClInclude>
    <ClInclude Include="src\fmt\include\fmt\ostream.h">
      <Filter>fmt</Filter>
    </ClInclude>
    <ClInclude Include="src\fmt\include\fmt\printf.h">
      <Filter>fmt</Filter>
    </ClInclude>
    <ClInclude Include="src\fmt\include\fmt\ranges.h">
      <Filter>fmt</Filter>
    </ClInclude>
    <ClInclude Include="src\fmt\include\fmt\xchar.h">
      <Filter>fmt</Filter>
    </ClInclude>
  </ItemGroup>
  <ItemGroup>
    <ClCompile Include="src\logger.cpp">
      <Filter>Исходные файлы</Filter>
    </ClCompile>
  </ItemGroup>
</Project>